// !$*UTF8*$!
{
	archiveVersion = 1;
	classes = {
	};
	objectVersion = 46;
	objects = {

/* Begin PBXBuildFile section */
		6C3F5A691F0EBBBD00C079CB /* CoreLocation.framework in Frameworks */ = {isa = PBXBuildFile; fileRef = 6C3F5A681F0EBBBD00C079CB /* CoreLocation.framework */; };
		6C6E3ADA1F2271FE00D60C7C /* PopUpVC.swift in Sources */ = {isa = PBXBuildFile; fileRef = 6C6E3AD91F2271FE00D60C7C /* PopUpVC.swift */; };
		6C6E3ADC1F22B6B100D60C7C /* UserTemp.swift in Sources */ = {isa = PBXBuildFile; fileRef = 6C6E3ADB1F22B6B100D60C7C /* UserTemp.swift */; };
		6C6E3AE01F2EDF8500D60C7C /* UserProfileVC.swift in Sources */ = {isa = PBXBuildFile; fileRef = 6C6E3ADF1F2EDF8500D60C7C /* UserProfileVC.swift */; };
		6C8308C61F343BE3003D470D /* LaunchScreen.storyboard in Resources */ = {isa = PBXBuildFile; fileRef = 6C8308C51F343BE3003D470D /* LaunchScreen.storyboard */; };
		6C95A9B41F32434C009BE2AC /* CustomButton.swift in Sources */ = {isa = PBXBuildFile; fileRef = 6C95A9B31F32434C009BE2AC /* CustomButton.swift */; };
		6CABDA081F0C48A400133DBB /* Outfits.swift in Sources */ = {isa = PBXBuildFile; fileRef = 6CABDA071F0C48A400133DBB /* Outfits.swift */; };
		6CB17C181F02D88C0093791F /* Main.storyboard in Resources */ = {isa = PBXBuildFile; fileRef = 6CB17C171F02D88C0093791F /* Main.storyboard */; };
		6CB17C1B1F02D8A40093791F /* HomeVC.swift in Sources */ = {isa = PBXBuildFile; fileRef = 6CB17C191F02D8A40093791F /* HomeVC.swift */; };
		6CB17C1C1F02D8A40093791F /* ResultVC.swift in Sources */ = {isa = PBXBuildFile; fileRef = 6CB17C1A1F02D8A40093791F /* ResultVC.swift */; };
		6CB17C251F02D9F90093791F /* AppDelegate.swift in Sources */ = {isa = PBXBuildFile; fileRef = 6CB17C211F02D9F90093791F /* AppDelegate.swift */; };
		6CB17C261F02D9F90093791F /* Assets.xcassets in Resources */ = {isa = PBXBuildFile; fileRef = 6CB17C221F02D9F90093791F /* Assets.xcassets */; };
		6CB17C271F02D9F90093791F /* Base.lproj in Resources */ = {isa = PBXBuildFile; fileRef = 6CB17C231F02D9F90093791F /* Base.lproj */; };
		6CCB64AC1F353B2600DE961E /* AlertPopUpVC.swift in Sources */ = {isa = PBXBuildFile; fileRef = 6CCB64AB1F353B2600DE961E /* AlertPopUpVC.swift */; };
		6CCB64AE1F3585A800DE961E /* LaunchScreen.png in Resources */ = {isa = PBXBuildFile; fileRef = 6CCB64AD1F3585A800DE961E /* LaunchScreen.png */; };
		6CCEABFB1F20047100850970 /* SwitchClothesService.swift in Sources */ = {isa = PBXBuildFile; fileRef = 6CCEABFA1F20047100850970 /* SwitchClothesService.swift */; };
		6CFF83951F02E26300255329 /* WeatherAPI.swift in Sources */ = {isa = PBXBuildFile; fileRef = 6CFF83941F02E26300255329 /* WeatherAPI.swift */; };
		6CFF83971F02FDCA00255329 /* JSONParser.swift in Sources */ = {isa = PBXBuildFile; fileRef = 6CFF83961F02FDCA00255329 /* JSONParser.swift */; };
		6CFF839B1F031E3D00255329 /* WeatherData.swift in Sources */ = {isa = PBXBuildFile; fileRef = 6CFF839A1F031E3D00255329 /* WeatherData.swift */; };
		6CFF83A21F06FDBC00255329 /* WeatherDataService.swift in Sources */ = {isa = PBXBuildFile; fileRef = 6CFF83A11F06FDBC00255329 /* WeatherDataService.swift */; };
		6CFF83A41F06FEA700255329 /* ClothingItems.swift in Sources */ = {isa = PBXBuildFile; fileRef = 6CFF83A31F06FEA700255329 /* ClothingItems.swift */; };
		93B9569BB0009BDC9ABFC91F /* Pods_Wear.framework in Frameworks */ = {isa = PBXBuildFile; fileRef = 93110D7DAA8F247261B706AE /* Pods_Wear.framework */; };
/* End PBXBuildFile section */

/* Begin PBXFileReference section */
		4E4FB76890F8944D26D8CDE7 /* Pods-Wear.release.xcconfig */ = {isa = PBXFileReference; includeInIndex = 1; lastKnownFileType = text.xcconfig; name = "Pods-Wear.release.xcconfig"; path = "Pods/Target Support Files/Pods-Wear/Pods-Wear.release.xcconfig"; sourceTree = "<group>"; };
		6C3F5A681F0EBBBD00C079CB /* CoreLocation.framework */ = {isa = PBXFileReference; lastKnownFileType = wrapper.framework; name = CoreLocation.framework; path = System/Library/Frameworks/CoreLocation.framework; sourceTree = SDKROOT; };
		6C6E3AD91F2271FE00D60C7C /* PopUpVC.swift */ = {isa = PBXFileReference; fileEncoding = 4; lastKnownFileType = sourcecode.swift; name = PopUpVC.swift; path = ViewControllers/PopUpVC.swift; sourceTree = "<group>"; };
		6C6E3ADB1F22B6B100D60C7C /* UserTemp.swift */ = {isa = PBXFileReference; fileEncoding = 4; lastKnownFileType = sourcecode.swift; name = UserTemp.swift; path = Models/UserTemp.swift; sourceTree = "<group>"; };
		6C6E3ADF1F2EDF8500D60C7C /* UserProfileVC.swift */ = {isa = PBXFileReference; fileEncoding = 4; lastKnownFileType = sourcecode.swift; name = UserProfileVC.swift; path = ViewControllers/UserProfileVC.swift; sourceTree = "<group>"; };
		6C8308C51F343BE3003D470D /* LaunchScreen.storyboard */ = {isa = PBXFileReference; fileEncoding = 4; lastKnownFileType = file.storyboard; name = LaunchScreen.storyboard; path = Supporting/LaunchScreen.storyboard; sourceTree = "<group>"; };
		6C95A9B31F32434C009BE2AC /* CustomButton.swift */ = {isa = PBXFileReference; fileEncoding = 4; lastKnownFileType = sourcecode.swift; name = CustomButton.swift; path = Supporting/CustomButton.swift; sourceTree = "<group>"; };
		6CABDA071F0C48A400133DBB /* Outfits.swift */ = {isa = PBXFileReference; fileEncoding = 4; lastKnownFileType = sourcecode.swift; name = Outfits.swift; path = Models/Outfits.swift; sourceTree = "<group>"; };
		6CB17BFF1F02D7C40093791F /* Wear.app */ = {isa = PBXFileReference; explicitFileType = wrapper.application; includeInIndex = 0; path = Wear.app; sourceTree = BUILT_PRODUCTS_DIR; };
		6CB17C171F02D88C0093791F /* Main.storyboard */ = {isa = PBXFileReference; fileEncoding = 4; lastKnownFileType = file.storyboard; name = Main.storyboard; path = Storyboards/Main.storyboard; sourceTree = "<group>"; };
		6CB17C191F02D8A40093791F /* HomeVC.swift */ = {isa = PBXFileReference; fileEncoding = 4; lastKnownFileType = sourcecode.swift; name = HomeVC.swift; path = ViewControllers/HomeVC.swift; sourceTree = "<group>"; };
		6CB17C1A1F02D8A40093791F /* ResultVC.swift */ = {isa = PBXFileReference; fileEncoding = 4; lastKnownFileType = sourcecode.swift; name = ResultVC.swift; path = ViewControllers/ResultVC.swift; sourceTree = "<group>"; };
		6CB17C211F02D9F90093791F /* AppDelegate.swift */ = {isa = PBXFileReference; fileEncoding = 4; lastKnownFileType = sourcecode.swift; name = AppDelegate.swift; path = Supporting/AppDelegate.swift; sourceTree = "<group>"; };
		6CB17C221F02D9F90093791F /* Assets.xcassets */ = {isa = PBXFileReference; lastKnownFileType = folder.assetcatalog; name = Assets.xcassets; path = Supporting/Assets.xcassets; sourceTree = "<group>"; };
		6CB17C231F02D9F90093791F /* Base.lproj */ = {isa = PBXFileReference; lastKnownFileType = folder; name = Base.lproj; path = Supporting/Base.lproj; sourceTree = "<group>"; };
		6CB17C241F02D9F90093791F /* Info.plist */ = {isa = PBXFileReference; fileEncoding = 4; lastKnownFileType = text.plist.xml; name = Info.plist; path = Supporting/Info.plist; sourceTree = "<group>"; };
		6CCB64AB1F353B2600DE961E /* AlertPopUpVC.swift */ = {isa = PBXFileReference; fileEncoding = 4; lastKnownFileType = sourcecode.swift; name = AlertPopUpVC.swift; path = ViewControllers/AlertPopUpVC.swift; sourceTree = "<group>"; };
		6CCB64AD1F3585A800DE961E /* LaunchScreen.png */ = {isa = PBXFileReference; lastKnownFileType = image.png; path = LaunchScreen.png; sourceTree = "<group>"; };
		6CCEABFA1F20047100850970 /* SwitchClothesService.swift */ = {isa = PBXFileReference; fileEncoding = 4; lastKnownFileType = sourcecode.swift; name = SwitchClothesService.swift; path = Services/SwitchClothesService.swift; sourceTree = "<group>"; };
		6CFF83941F02E26300255329 /* WeatherAPI.swift */ = {isa = PBXFileReference; fileEncoding = 4; lastKnownFileType = sourcecode.swift; name = WeatherAPI.swift; path = API/WeatherAPI.swift; sourceTree = "<group>"; };
		6CFF83961F02FDCA00255329 /* JSONParser.swift */ = {isa = PBXFileReference; fileEncoding = 4; lastKnownFileType = sourcecode.swift; name = JSONParser.swift; path = API/JSONParser.swift; sourceTree = "<group>"; };
		6CFF839A1F031E3D00255329 /* WeatherData.swift */ = {isa = PBXFileReference; fileEncoding = 4; lastKnownFileType = sourcecode.swift; name = WeatherData.swift; path = Models/WeatherData.swift; sourceTree = "<group>"; };
		6CFF83A11F06FDBC00255329 /* WeatherDataService.swift */ = {isa = PBXFileReference; fileEncoding = 4; lastKnownFileType = sourcecode.swift; name = WeatherDataService.swift; path = Models/WeatherDataService.swift; sourceTree = "<group>"; };
		6CFF83A31F06FEA700255329 /* ClothingItems.swift */ = {isa = PBXFileReference; fileEncoding = 4; lastKnownFileType = sourcecode.swift; name = ClothingItems.swift; path = Services/ClothingItems.swift; sourceTree = "<group>"; };
		93110D7DAA8F247261B706AE /* Pods_Wear.framework */ = {isa = PBXFileReference; explicitFileType = wrapper.framework; includeInIndex = 0; path = Pods_Wear.framework; sourceTree = BUILT_PRODUCTS_DIR; };
		ADF61E04CFA322B80F0977B8 /* Pods-Wear.debug.xcconfig */ = {isa = PBXFileReference; includeInIndex = 1; lastKnownFileType = text.xcconfig; name = "Pods-Wear.debug.xcconfig"; path = "Pods/Target Support Files/Pods-Wear/Pods-Wear.debug.xcconfig"; sourceTree = "<group>"; };
/* End PBXFileReference section */

/* Begin PBXFrameworksBuildPhase section */
		6CB17BFC1F02D7C40093791F /* Frameworks */ = {
			isa = PBXFrameworksBuildPhase;
			buildActionMask = 2147483647;
			files = (
				6C3F5A691F0EBBBD00C079CB /* CoreLocation.framework in Frameworks */,
				93B9569BB0009BDC9ABFC91F /* Pods_Wear.framework in Frameworks */,
			);
			runOnlyForDeploymentPostprocessing = 0;
		};
/* End PBXFrameworksBuildPhase section */

/* Begin PBXGroup section */
		1E5764764E7FA0FDEE36D624 /* Pods */ = {
			isa = PBXGroup;
			children = (
				ADF61E04CFA322B80F0977B8 /* Pods-Wear.debug.xcconfig */,
				4E4FB76890F8944D26D8CDE7 /* Pods-Wear.release.xcconfig */,
			);
			name = Pods;
			sourceTree = "<group>";
		};
		3B6580A2E391EF642FD5D5E5 /* Frameworks */ = {
			isa = PBXGroup;
			children = (
				6C3F5A681F0EBBBD00C079CB /* CoreLocation.framework */,
				93110D7DAA8F247261B706AE /* Pods_Wear.framework */,
			);
			name = Frameworks;
			sourceTree = "<group>";
		};
		6CABDA061F0C485400133DBB /* Enums */ = {
			isa = PBXGroup;
			children = (
				6CFF83A31F06FEA700255329 /* ClothingItems.swift */,
			);
			name = Enums;
			sourceTree = "<group>";
		};
		6CB17BF61F02D7C40093791F = {
			isa = PBXGroup;
			children = (
				6CB17C011F02D7C40093791F /* Wear */,
				6CB17C001F02D7C40093791F /* Products */,
				1E5764764E7FA0FDEE36D624 /* Pods */,
				3B6580A2E391EF642FD5D5E5 /* Frameworks */,
			);
			sourceTree = "<group>";
		};
		6CB17C001F02D7C40093791F /* Products */ = {
			isa = PBXGroup;
			children = (
				6CB17BFF1F02D7C40093791F /* Wear.app */,
			);
			name = Products;
			sourceTree = "<group>";
		};
		6CB17C011F02D7C40093791F /* Wear */ = {
			isa = PBXGroup;
			children = (
				6CB2A1B21F198CB10084DA38 /* Views */,
				6CABDA061F0C485400133DBB /* Enums */,
				6CFF83A01F06FBE600255329 /* Services */,
				6CFF83911F02DA8500255329 /* Models */,
				6CB17C201F02D9E50093791F /* Supporting */,
				6CB17C1D1F02D8B30093791F /* API */,
				6CB17C151F02D86E0093791F /* Storyboards */,
				6CB17C161F02D8770093791F /* ViewControllers */,
			);
			path = Wear;
			sourceTree = "<group>";
		};
		6CB17C151F02D86E0093791F /* Storyboards */ = {
			isa = PBXGroup;
			children = (
				6CB17C171F02D88C0093791F /* Main.storyboard */,
			);
			name = Storyboards;
			sourceTree = "<group>";
		};
		6CB17C161F02D8770093791F /* ViewControllers */ = {
			isa = PBXGroup;
			children = (
				6CB17C191F02D8A40093791F /* HomeVC.swift */,
				6CB17C1A1F02D8A40093791F /* ResultVC.swift */,
				6C6E3AD91F2271FE00D60C7C /* PopUpVC.swift */,
				6C6E3ADF1F2EDF8500D60C7C /* UserProfileVC.swift */,
				6CCB64AB1F353B2600DE961E /* AlertPopUpVC.swift */,
			);
			name = ViewControllers;
			sourceTree = "<group>";
		};
		6CB17C1D1F02D8B30093791F /* API */ = {
			isa = PBXGroup;
			children = (
				6CFF83941F02E26300255329 /* WeatherAPI.swift */,
				6CFF83961F02FDCA00255329 /* JSONParser.swift */,
			);
			name = API;
			sourceTree = "<group>";
		};
		6CB17C201F02D9E50093791F /* Supporting */ = {
			isa = PBXGroup;
			children = (
				6CB17C211F02D9F90093791F /* AppDelegate.swift */,
				6CB17C221F02D9F90093791F /* Assets.xcassets */,
				6CB17C231F02D9F90093791F /* Base.lproj */,
				6CB17C241F02D9F90093791F /* Info.plist */,
				6C95A9B31F32434C009BE2AC /* CustomButton.swift */,
				6C8308C51F343BE3003D470D /* LaunchScreen.storyboard */,
				6CCB64AD1F3585A800DE961E /* LaunchScreen.png */,
			);
			name = Supporting;
			sourceTree = "<group>";
		};
		6CB2A1B21F198CB10084DA38 /* Views */ = {
			isa = PBXGroup;
			children = (
			);
			name = Views;
			sourceTree = "<group>";
		};
		6CFF83911F02DA8500255329 /* Models */ = {
			isa = PBXGroup;
			children = (
				6CFF839A1F031E3D00255329 /* WeatherData.swift */,
				6CABDA071F0C48A400133DBB /* Outfits.swift */,
				6C6E3ADB1F22B6B100D60C7C /* UserTemp.swift */,
			);
			name = Models;
			sourceTree = "<group>";
		};
		6CFF83A01F06FBE600255329 /* Services */ = {
			isa = PBXGroup;
			children = (
				6CCEABFA1F20047100850970 /* SwitchClothesService.swift */,
				6CFF83A11F06FDBC00255329 /* WeatherDataService.swift */,
			);
			name = Services;
			sourceTree = "<group>";
		};
/* End PBXGroup section */

/* Begin PBXNativeTarget section */
		6CB17BFE1F02D7C40093791F /* Wear */ = {
			isa = PBXNativeTarget;
			buildConfigurationList = 6CB17C111F02D7C40093791F /* Build configuration list for PBXNativeTarget "Wear" */;
			buildPhases = (
				36EDD2D16878CF660CE1A8C3 /* [CP] Check Pods Manifest.lock */,
				6CB17BFB1F02D7C40093791F /* Sources */,
				6CB17BFC1F02D7C40093791F /* Frameworks */,
				6CB17BFD1F02D7C40093791F /* Resources */,
				33DDBB3EBD59135FF420B28E /* [CP] Embed Pods Frameworks */,
				83BE2777FDC93D08D196C43C /* [CP] Copy Pods Resources */,
			);
			buildRules = (
			);
			dependencies = (
			);
			name = Wear;
			productName = Wear;
			productReference = 6CB17BFF1F02D7C40093791F /* Wear.app */;
			productType = "com.apple.product-type.application";
		};
/* End PBXNativeTarget section */

/* Begin PBXProject section */
		6CB17BF71F02D7C40093791F /* Project object */ = {
			isa = PBXProject;
			attributes = {
				LastSwiftUpdateCheck = 0830;
				LastUpgradeCheck = 0830;
				ORGANIZATIONNAME = "Melody Yang";
				TargetAttributes = {
					6CB17BFE1F02D7C40093791F = {
						CreatedOnToolsVersion = 8.3.3;
						DevelopmentTeam = 9JYNRTHSJ3;
						ProvisioningStyle = Automatic;
					};
				};
			};
			buildConfigurationList = 6CB17BFA1F02D7C40093791F /* Build configuration list for PBXProject "Wear" */;
			compatibilityVersion = "Xcode 3.2";
			developmentRegion = English;
			hasScannedForEncodings = 0;
			knownRegions = (
				en,
				Base,
			);
			mainGroup = 6CB17BF61F02D7C40093791F;
			productRefGroup = 6CB17C001F02D7C40093791F /* Products */;
			projectDirPath = "";
			projectRoot = "";
			targets = (
				6CB17BFE1F02D7C40093791F /* Wear */,
			);
		};
/* End PBXProject section */

/* Begin PBXResourcesBuildPhase section */
		6CB17BFD1F02D7C40093791F /* Resources */ = {
			isa = PBXResourcesBuildPhase;
			buildActionMask = 2147483647;
			files = (
				6CB17C181F02D88C0093791F /* Main.storyboard in Resources */,
				6CB17C271F02D9F90093791F /* Base.lproj in Resources */,
				6CCB64AE1F3585A800DE961E /* LaunchScreen.png in Resources */,
				6C8308C61F343BE3003D470D /* LaunchScreen.storyboard in Resources */,
				6CB17C261F02D9F90093791F /* Assets.xcassets in Resources */,
			);
			runOnlyForDeploymentPostprocessing = 0;
		};
/* End PBXResourcesBuildPhase section */

/* Begin PBXShellScriptBuildPhase section */
		33DDBB3EBD59135FF420B28E /* [CP] Embed Pods Frameworks */ = {
			isa = PBXShellScriptBuildPhase;
			buildActionMask = 2147483647;
			files = (
			);
			inputPaths = (
			);
			name = "[CP] Embed Pods Frameworks";
			outputPaths = (
			);
			runOnlyForDeploymentPostprocessing = 0;
			shellPath = /bin/sh;
			shellScript = "\"${SRCROOT}/Pods/Target Support Files/Pods-Wear/Pods-Wear-frameworks.sh\"\n";
			showEnvVarsInLog = 0;
		};
		36EDD2D16878CF660CE1A8C3 /* [CP] Check Pods Manifest.lock */ = {
			isa = PBXShellScriptBuildPhase;
			buildActionMask = 2147483647;
			files = (
			);
			inputPaths = (
			);
			name = "[CP] Check Pods Manifest.lock";
			outputPaths = (
			);
			runOnlyForDeploymentPostprocessing = 0;
			shellPath = /bin/sh;
			shellScript = "diff \"${PODS_PODFILE_DIR_PATH}/Podfile.lock\" \"${PODS_ROOT}/Manifest.lock\" > /dev/null\nif [ $? != 0 ] ; then\n    # print error to STDERR\n    echo \"error: The sandbox is not in sync with the Podfile.lock. Run 'pod install' or update your CocoaPods installation.\" >&2\n    exit 1\nfi\n";
			showEnvVarsInLog = 0;
		};
		83BE2777FDC93D08D196C43C /* [CP] Copy Pods Resources */ = {
			isa = PBXShellScriptBuildPhase;
			buildActionMask = 2147483647;
			files = (
			);
			inputPaths = (
			);
			name = "[CP] Copy Pods Resources";
			outputPaths = (
			);
			runOnlyForDeploymentPostprocessing = 0;
			shellPath = /bin/sh;
			shellScript = "\"${SRCROOT}/Pods/Target Support Files/Pods-Wear/Pods-Wear-resources.sh\"\n";
			showEnvVarsInLog = 0;
		};
/* End PBXShellScriptBuildPhase section */

/* Begin PBXSourcesBuildPhase section */
		6CB17BFB1F02D7C40093791F /* Sources */ = {
			isa = PBXSourcesBuildPhase;
			buildActionMask = 2147483647;
			files = (
				6CFF839B1F031E3D00255329 /* WeatherData.swift in Sources */,
				6C6E3ADA1F2271FE00D60C7C /* PopUpVC.swift in Sources */,
				6C6E3AE01F2EDF8500D60C7C /* UserProfileVC.swift in Sources */,
				6CB17C1C1F02D8A40093791F /* ResultVC.swift in Sources */,
				6CCB64AC1F353B2600DE961E /* AlertPopUpVC.swift in Sources */,
				6CABDA081F0C48A400133DBB /* Outfits.swift in Sources */,
				6CFF83971F02FDCA00255329 /* JSONParser.swift in Sources */,
				6CFF83A21F06FDBC00255329 /* WeatherDataService.swift in Sources */,
				6CFF83A41F06FEA700255329 /* ClothingItems.swift in Sources */,
				6CFF83951F02E26300255329 /* WeatherAPI.swift in Sources */,
				6C95A9B41F32434C009BE2AC /* CustomButton.swift in Sources */,
				6CB17C251F02D9F90093791F /* AppDelegate.swift in Sources */,
				6CB17C1B1F02D8A40093791F /* HomeVC.swift in Sources */,
				6C6E3ADC1F22B6B100D60C7C /* UserTemp.swift in Sources */,
				6CCEABFB1F20047100850970 /* SwitchClothesService.swift in Sources */,
			);
			runOnlyForDeploymentPostprocessing = 0;
		};
/* End PBXSourcesBuildPhase section */

/* Begin XCBuildConfiguration section */
		6CB17C0F1F02D7C40093791F /* Debug */ = {
			isa = XCBuildConfiguration;
			buildSettings = {
				ALWAYS_SEARCH_USER_PATHS = NO;
				CLANG_ANALYZER_NONNULL = YES;
				CLANG_ANALYZER_NUMBER_OBJECT_CONVERSION = YES_AGGRESSIVE;
				CLANG_CXX_LANGUAGE_STANDARD = "gnu++0x";
				CLANG_CXX_LIBRARY = "libc++";
				CLANG_ENABLE_MODULES = YES;
				CLANG_ENABLE_OBJC_ARC = YES;
				CLANG_WARN_BOOL_CONVERSION = YES;
				CLANG_WARN_CONSTANT_CONVERSION = YES;
				CLANG_WARN_DIRECT_OBJC_ISA_USAGE = YES_ERROR;
				CLANG_WARN_DOCUMENTATION_COMMENTS = YES;
				CLANG_WARN_EMPTY_BODY = YES;
				CLANG_WARN_ENUM_CONVERSION = YES;
				CLANG_WARN_INFINITE_RECURSION = YES;
				CLANG_WARN_INT_CONVERSION = YES;
				CLANG_WARN_OBJC_ROOT_CLASS = YES_ERROR;
				CLANG_WARN_SUSPICIOUS_MOVE = YES;
				CLANG_WARN_UNREACHABLE_CODE = YES;
				CLANG_WARN__DUPLICATE_METHOD_MATCH = YES;
				"CODE_SIGN_IDENTITY[sdk=iphoneos*]" = "iPhone Developer";
				COPY_PHASE_STRIP = NO;
				DEBUG_INFORMATION_FORMAT = dwarf;
				ENABLE_STRICT_OBJC_MSGSEND = YES;
				ENABLE_TESTABILITY = YES;
				GCC_C_LANGUAGE_STANDARD = gnu99;
				GCC_DYNAMIC_NO_PIC = NO;
				GCC_NO_COMMON_BLOCKS = YES;
				GCC_OPTIMIZATION_LEVEL = 0;
				GCC_PREPROCESSOR_DEFINITIONS = (
					"DEBUG=1",
					"$(inherited)",
				);
				GCC_WARN_64_TO_32_BIT_CONVERSION = YES;
				GCC_WARN_ABOUT_RETURN_TYPE = YES_ERROR;
				GCC_WARN_UNDECLARED_SELECTOR = YES;
				GCC_WARN_UNINITIALIZED_AUTOS = YES_AGGRESSIVE;
				GCC_WARN_UNUSED_FUNCTION = YES;
				GCC_WARN_UNUSED_VARIABLE = YES;
				IPHONEOS_DEPLOYMENT_TARGET = 10.3;
				MTL_ENABLE_DEBUG_INFO = YES;
				ONLY_ACTIVE_ARCH = YES;
				SDKROOT = iphoneos;
				SWIFT_ACTIVE_COMPILATION_CONDITIONS = DEBUG;
				SWIFT_OPTIMIZATION_LEVEL = "-Onone";
			};
			name = Debug;
		};
		6CB17C101F02D7C40093791F /* Release */ = {
			isa = XCBuildConfiguration;
			buildSettings = {
				ALWAYS_SEARCH_USER_PATHS = NO;
				CLANG_ANALYZER_NONNULL = YES;
				CLANG_ANALYZER_NUMBER_OBJECT_CONVERSION = YES_AGGRESSIVE;
				CLANG_CXX_LANGUAGE_STANDARD = "gnu++0x";
				CLANG_CXX_LIBRARY = "libc++";
				CLANG_ENABLE_MODULES = YES;
				CLANG_ENABLE_OBJC_ARC = YES;
				CLANG_WARN_BOOL_CONVERSION = YES;
				CLANG_WARN_CONSTANT_CONVERSION = YES;
				CLANG_WARN_DIRECT_OBJC_ISA_USAGE = YES_ERROR;
				CLANG_WARN_DOCUMENTATION_COMMENTS = YES;
				CLANG_WARN_EMPTY_BODY = YES;
				CLANG_WARN_ENUM_CONVERSION = YES;
				CLANG_WARN_INFINITE_RECURSION = YES;
				CLANG_WARN_INT_CONVERSION = YES;
				CLANG_WARN_OBJC_ROOT_CLASS = YES_ERROR;
				CLANG_WARN_SUSPICIOUS_MOVE = YES;
				CLANG_WARN_UNREACHABLE_CODE = YES;
				CLANG_WARN__DUPLICATE_METHOD_MATCH = YES;
				"CODE_SIGN_IDENTITY[sdk=iphoneos*]" = "iPhone Developer";
				COPY_PHASE_STRIP = NO;
				DEBUG_INFORMATION_FORMAT = "dwarf-with-dsym";
				ENABLE_NS_ASSERTIONS = NO;
				ENABLE_STRICT_OBJC_MSGSEND = YES;
				GCC_C_LANGUAGE_STANDARD = gnu99;
				GCC_NO_COMMON_BLOCKS = YES;
				GCC_WARN_64_TO_32_BIT_CONVERSION = YES;
				GCC_WARN_ABOUT_RETURN_TYPE = YES_ERROR;
				GCC_WARN_UNDECLARED_SELECTOR = YES;
				GCC_WARN_UNINITIALIZED_AUTOS = YES_AGGRESSIVE;
				GCC_WARN_UNUSED_FUNCTION = YES;
				GCC_WARN_UNUSED_VARIABLE = YES;
				IPHONEOS_DEPLOYMENT_TARGET = 10.3;
				MTL_ENABLE_DEBUG_INFO = NO;
				SDKROOT = iphoneos;
				SWIFT_OPTIMIZATION_LEVEL = "-Owholemodule";
				VALIDATE_PRODUCT = YES;
			};
			name = Release;
		};
		6CB17C121F02D7C40093791F /* Debug */ = {
			isa = XCBuildConfiguration;
			baseConfigurationReference = ADF61E04CFA322B80F0977B8 /* Pods-Wear.debug.xcconfig */;
			buildSettings = {
				ASSETCATALOG_COMPILER_APPICON_NAME = AppIcon;
				DEVELOPMENT_TEAM = 9JYNRTHSJ3;
				INFOPLIST_FILE = "$(SRCROOT)/Wear/Supporting/Info.plist";
				LD_RUNPATH_SEARCH_PATHS = "$(inherited) @executable_path/Frameworks";
				PRODUCT_BUNDLE_IDENTIFIER = "com.Melody-Yang.SimpleWear";
				PRODUCT_NAME = "$(TARGET_NAME)";
				SWIFT_VERSION = 3.0;
			};
			name = Debug;
		};
		6CB17C131F02D7C40093791F /* Release */ = {
			isa = XCBuildConfiguration;
			baseConfigurationReference = 4E4FB76890F8944D26D8CDE7 /* Pods-Wear.release.xcconfig */;
			buildSettings = {
				ASSETCATALOG_COMPILER_APPICON_NAME = AppIcon;
				DEVELOPMENT_TEAM = 9JYNRTHSJ3;
				INFOPLIST_FILE = "$(SRCROOT)/Wear/Supporting/Info.plist";
				LD_RUNPATH_SEARCH_PATHS = "$(inherited) @executable_path/Frameworks";
				PRODUCT_BUNDLE_IDENTIFIER = "com.Melody-Yang.SimpleWear";
				PRODUCT_NAME = "$(TARGET_NAME)";
				SWIFT_VERSION = 3.0;
			};
			name = Release;
		};
/* End XCBuildConfiguration section */

/* Begin XCConfigurationList section */
		6CB17BFA1F02D7C40093791F /* Build configuration list for PBXProject "Wear" */ = {
			isa = XCConfigurationList;
			buildConfigurations = (
				6CB17C0F1F02D7C40093791F /* Debug */,
				6CB17C101F02D7C40093791F /* Release */,
			);
			defaultConfigurationIsVisible = 0;
			defaultConfigurationName = Release;
		};
		6CB17C111F02D7C40093791F /* Build configuration list for PBXNativeTarget "Wear" */ = {
			isa = XCConfigurationList;
			buildConfigurations = (
				6CB17C121F02D7C40093791F /* Debug */,
				6CB17C131F02D7C40093791F /* Release */,
			);
			defaultConfigurationIsVisible = 0;
			defaultConfigurationName = Release;
		};
/* End XCConfigurationList section */
	};
	rootObject = 6CB17BF71F02D7C40093791F /* Project object */;
}
