// !$*UTF8*$!
{
	archiveVersion = 1;
	classes = {
	};
	objectVersion = 46;
	objects = {

/* Begin PBXBuildFile section */
		6CB17C031F02D7C40093791F /* AppDelegate.swift in Sources */ = {isa = PBXBuildFile; fileRef = 6CB17C021F02D7C40093791F /* AppDelegate.swift */; };
		6CB17C051F02D7C40093791F /* ViewController.swift in Sources */ = {isa = PBXBuildFile; fileRef = 6CB17C041F02D7C40093791F /* ViewController.swift */; };
		6CB17C081F02D7C40093791F /* Main.storyboard in Resources */ = {isa = PBXBuildFile; fileRef = 6CB17C061F02D7C40093791F /* Main.storyboard */; };
		6CB17C0A1F02D7C40093791F /* Assets.xcassets in Resources */ = {isa = PBXBuildFile; fileRef = 6CB17C091F02D7C40093791F /* Assets.xcassets */; };
		6CB17C0D1F02D7C40093791F /* LaunchScreen.storyboard in Resources */ = {isa = PBXBuildFile; fileRef = 6CB17C0B1F02D7C40093791F /* LaunchScreen.storyboard */; };
/* End PBXBuildFile section */

/* Begin PBXFileReference section */
		6CB17BFF1F02D7C40093791F /* Wear.app */ = {isa = PBXFileReference; explicitFileType = wrapper.application; includeInIndex = 0; path = Wear.app; sourceTree = BUILT_PRODUCTS_DIR; };
		6CB17C021F02D7C40093791F /* AppDelegate.swift */ = {isa = PBXFileReference; lastKnownFileType = sourcecode.swift; path = AppDelegate.swift; sourceTree = "<group>"; };
		6CB17C041F02D7C40093791F /* ViewController.swift */ = {isa = PBXFileReference; lastKnownFileType = sourcecode.swift; path = ViewController.swift; sourceTree = "<group>"; };
		6CB17C071F02D7C40093791F /* Base */ = {isa = PBXFileReference; lastKnownFileType = file.storyboard; name = Base; path = Base.lproj/Main.storyboard; sourceTree = "<group>"; };
		6CB17C091F02D7C40093791F /* Assets.xcassets */ = {isa = PBXFileReference; lastKnownFileType = folder.assetcatalog; path = Assets.xcassets; sourceTree = "<group>"; };
		6CB17C0C1F02D7C40093791F /* Base */ = {isa = PBXFileReference; lastKnownFileType = file.storyboard; name = Base; path = Base.lproj/LaunchScreen.storyboard; sourceTree = "<group>"; };
		6CB17C0E1F02D7C40093791F /* Info.plist */ = {isa = PBXFileReference; lastKnownFileType = text.plist.xml; path = Info.plist; sourceTree = "<group>"; };
/* End PBXFileReference section */

/* Begin PBXFrameworksBuildPhase section */
		6CB17BFC1F02D7C40093791F /* Frameworks */ = {
			isa = PBXFrameworksBuildPhase;
			buildActionMask = 2147483647;
			files = (
			);
			runOnlyForDeploymentPostprocessing = 0;
		};
/* End PBXFrameworksBuildPhase section */

/* Begin PBXGroup section */
		6CB17BF61F02D7C40093791F = {
			isa = PBXGroup;
			children = (
				6CB17C011F02D7C40093791F /* Wear */,
				6CB17C001F02D7C40093791F /* Products */,
			);
			sourceTree = "<group>";
		};
		6CB17C001F02D7C40093791F /* Products */ = {
			isa = PBXGroup;
			children = (
				6CB17BFF1F02D7C40093791F /* Wear.app */,
			);
			name = Products;
			sourceTree = "<group>";
		};
		6CB17C011F02D7C40093791F /* Wear */ = {
			isa = PBXGroup;
			children = (
				6CB17C021F02D7C40093791F /* AppDelegate.swift */,
				6CB17C041F02D7C40093791F /* ViewController.swift */,
				6CB17C061F02D7C40093791F /* Main.storyboard */,
				6CB17C091F02D7C40093791F /* Assets.xcassets */,
				6CB17C0B1F02D7C40093791F /* LaunchScreen.storyboard */,
				6CB17C0E1F02D7C40093791F /* Info.plist */,
			);
			path = Wear;
			sourceTree = "<group>";
		};
/* End PBXGroup section */

/* Begin PBXNativeTarget section */
		6CB17BFE1F02D7C40093791F /* Wear */ = {
			isa = PBXNativeTarget;
			buildConfigurationList = 6CB17C111F02D7C40093791F /* Build configuration list for PBXNativeTarget "Wear" */;
			buildPhases = (
				6CB17BFB1F02D7C40093791F /* Sources */,
				6CB17BFC1F02D7C40093791F /* Frameworks */,
				6CB17BFD1F02D7C40093791F /* Resources */,
			);
			buildRules = (
			);
			dependencies = (
			);
			name = Wear;
			productName = Wear;
			productReference = 6CB17BFF1F02D7C40093791F /* Wear.app */;
			productType = "com.apple.product-type.application";
		};
/* End PBXNativeTarget section */

/* Begin PBXProject section */
		6CB17BF71F02D7C40093791F /* Project object */ = {
			isa = PBXProject;
			attributes = {
				LastSwiftUpdateCheck = 0830;
				LastUpgradeCheck = 0830;
				ORGANIZATIONNAME = "Melody Yang";
				TargetAttributes = {
					6CB17BFE1F02D7C40093791F = {
						CreatedOnToolsVersion = 8.3.3;
						ProvisioningStyle = Automatic;
					};
				};
			};
			buildConfigurationList = 6CB17BFA1F02D7C40093791F /* Build configuration list for PBXProject "Wear" */;
			compatibilityVersion = "Xcode 3.2";
			developmentRegion = English;
			hasScannedForEncodings = 0;
			knownRegions = (
				en,
				Base,
			);
			mainGroup = 6CB17BF61F02D7C40093791F;
			productRefGroup = 6CB17C001F02D7C40093791F /* Products */;
			projectDirPath = "";
			projectRoot = "";
			targets = (
				6CB17BFE1F02D7C40093791F /* Wear */,
			);
		};
/* End PBXProject section */

/* Begin PBXResourcesBuildPhase section */
		6CB17BFD1F02D7C40093791F /* Resources */ = {
			isa = PBXResourcesBuildPhase;
			buildActionMask = 2147483647;
			files = (
				6CB17C0D1F02D7C40093791F /* LaunchScreen.storyboard in Resources */,
				6CB17C0A1F02D7C40093791F /* Assets.xcassets in Resources */,
				6CB17C081F02D7C40093791F /* Main.storyboard in Resources */,
			);
			runOnlyForDeploymentPostprocessing = 0;
		};
/* End PBXResourcesBuildPhase section */

/* Begin PBXSourcesBuildPhase section */
		6CB17BFB1F02D7C40093791F /* Sources */ = {
			isa = PBXSourcesBuildPhase;
			buildActionMask = 2147483647;
			files = (
				6CB17C051F02D7C40093791F /* ViewController.swift in Sources */,
				6CB17C031F02D7C40093791F /* AppDelegate.swift in Sources */,
			);
			runOnlyForDeploymentPostprocessing = 0;
		};
/* End PBXSourcesBuildPhase section */

/* Begin PBXVariantGroup section */
		6CB17C061F02D7C40093791F /* Main.storyboard */ = {
			isa = PBXVariantGroup;
			children = (
				6CB17C071F02D7C40093791F /* Base */,
			);
			name = Main.storyboard;
			sourceTree = "<group>";
		};
		6CB17C0B1F02D7C40093791F /* LaunchScreen.storyboard */ = {
			isa = PBXVariantGroup;
			children = (
				6CB17C0C1F02D7C40093791F /* Base */,
			);
			name = LaunchScreen.storyboard;
			sourceTree = "<group>";
		};
/* End PBXVariantGroup section */

/* Begin XCBuildConfiguration section */
		6CB17C0F1F02D7C40093791F /* Debug */ = {
			isa = XCBuildConfiguration;
			buildSettings = {
				ALWAYS_SEARCH_USER_PATHS = NO;
				CLANG_ANALYZER_NONNULL = YES;
				CLANG_ANALYZER_NUMBER_OBJECT_CONVERSION = YES_AGGRESSIVE;
				CLANG_CXX_LANGUAGE_STANDARD = "gnu++0x";
				CLANG_CXX_LIBRARY = "libc++";
				CLANG_ENABLE_MODULES = YES;
				CLANG_ENABLE_OBJC_ARC = YES;
				CLANG_WARN_BOOL_CONVERSION = YES;
				CLANG_WARN_CONSTANT_CONVERSION = YES;
				CLANG_WARN_DIRECT_OBJC_ISA_USAGE = YES_ERROR;
				CLANG_WARN_DOCUMENTATION_COMMENTS = YES;
				CLANG_WARN_EMPTY_BODY = YES;
				CLANG_WARN_ENUM_CONVERSION = YES;
				CLANG_WARN_INFINITE_RECURSION = YES;
				CLANG_WARN_INT_CONVERSION = YES;
				CLANG_WARN_OBJC_ROOT_CLASS = YES_ERROR;
				CLANG_WARN_SUSPICIOUS_MOVE = YES;
				CLANG_WARN_UNREACHABLE_CODE = YES;
				CLANG_WARN__DUPLICATE_METHOD_MATCH = YES;
				"CODE_SIGN_IDENTITY[sdk=iphoneos*]" = "iPhone Developer";
				COPY_PHASE_STRIP = NO;
				DEBUG_INFORMATION_FORMAT = dwarf;
				ENABLE_STRICT_OBJC_MSGSEND = YES;
				ENABLE_TESTABILITY = YES;
				GCC_C_LANGUAGE_STANDARD = gnu99;
				GCC_DYNAMIC_NO_PIC = NO;
				GCC_NO_COMMON_BLOCKS = YES;
				GCC_OPTIMIZATION_LEVEL = 0;
				GCC_PREPROCESSOR_DEFINITIONS = (
					"DEBUG=1",
					"$(inherited)",
				);
				GCC_WARN_64_TO_32_BIT_CONVERSION = YES;
				GCC_WARN_ABOUT_RETURN_TYPE = YES_ERROR;
				GCC_WARN_UNDECLARED_SELECTOR = YES;
				GCC_WARN_UNINITIALIZED_AUTOS = YES_AGGRESSIVE;
				GCC_WARN_UNUSED_FUNCTION = YES;
				GCC_WARN_UNUSED_VARIABLE = YES;
				IPHONEOS_DEPLOYMENT_TARGET = 10.3;
				MTL_ENABLE_DEBUG_INFO = YES;
				ONLY_ACTIVE_ARCH = YES;
				SDKROOT = iphoneos;
				SWIFT_ACTIVE_COMPILATION_CONDITIONS = DEBUG;
				SWIFT_OPTIMIZATION_LEVEL = "-Onone";
			};
			name = Debug;
		};
		6CB17C101F02D7C40093791F /* Release */ = {
			isa = XCBuildConfiguration;
			buildSettings = {
				ALWAYS_SEARCH_USER_PATHS = NO;
				CLANG_ANALYZER_NONNULL = YES;
				CLANG_ANALYZER_NUMBER_OBJECT_CONVERSION = YES_AGGRESSIVE;
				CLANG_CXX_LANGUAGE_STANDARD = "gnu++0x";
				CLANG_CXX_LIBRARY = "libc++";
				CLANG_ENABLE_MODULES = YES;
				CLANG_ENABLE_OBJC_ARC = YES;
				CLANG_WARN_BOOL_CONVERSION = YES;
				CLANG_WARN_CONSTANT_CONVERSION = YES;
				CLANG_WARN_DIRECT_OBJC_ISA_USAGE = YES_ERROR;
				CLANG_WARN_DOCUMENTATION_COMMENTS = YES;
				CLANG_WARN_EMPTY_BODY = YES;
				CLANG_WARN_ENUM_CONVERSION = YES;
				CLANG_WARN_INFINITE_RECURSION = YES;
				CLANG_WARN_INT_CONVERSION = YES;
				CLANG_WARN_OBJC_ROOT_CLASS = YES_ERROR;
				CLANG_WARN_SUSPICIOUS_MOVE = YES;
				CLANG_WARN_UNREACHABLE_CODE = YES;
				CLANG_WARN__DUPLICATE_METHOD_MATCH = YES;
				"CODE_SIGN_IDENTITY[sdk=iphoneos*]" = "iPhone Developer";
				COPY_PHASE_STRIP = NO;
				DEBUG_INFORMATION_FORMAT = "dwarf-with-dsym";
				ENABLE_NS_ASSERTIONS = NO;
				ENABLE_STRICT_OBJC_MSGSEND = YES;
				GCC_C_LANGUAGE_STANDARD = gnu99;
				GCC_NO_COMMON_BLOCKS = YES;
				GCC_WARN_64_TO_32_BIT_CONVERSION = YES;
				GCC_WARN_ABOUT_RETURN_TYPE = YES_ERROR;
				GCC_WARN_UNDECLARED_SELECTOR = YES;
				GCC_WARN_UNINITIALIZED_AUTOS = YES_AGGRESSIVE;
				GCC_WARN_UNUSED_FUNCTION = YES;
				GCC_WARN_UNUSED_VARIABLE = YES;
				IPHONEOS_DEPLOYMENT_TARGET = 10.3;
				MTL_ENABLE_DEBUG_INFO = NO;
				SDKROOT = iphoneos;
				SWIFT_OPTIMIZATION_LEVEL = "-Owholemodule";
				VALIDATE_PRODUCT = YES;
			};
			name = Release;
		};
		6CB17C121F02D7C40093791F /* Debug */ = {
			isa = XCBuildConfiguration;
			buildSettings = {
				ASSETCATALOG_COMPILER_APPICON_NAME = AppIcon;
				INFOPLIST_FILE = Wear/Info.plist;
				LD_RUNPATH_SEARCH_PATHS = "$(inherited) @executable_path/Frameworks";
				PRODUCT_BUNDLE_IDENTIFIER = "com.Melody-Yang.Wear";
				PRODUCT_NAME = "$(TARGET_NAME)";
				SWIFT_VERSION = 3.0;
			};
			name = Debug;
		};
		6CB17C131F02D7C40093791F /* Release */ = {
			isa = XCBuildConfiguration;
			buildSettings = {
				ASSETCATALOG_COMPILER_APPICON_NAME = AppIcon;
				INFOPLIST_FILE = Wear/Info.plist;
				LD_RUNPATH_SEARCH_PATHS = "$(inherited) @executable_path/Frameworks";
				PRODUCT_BUNDLE_IDENTIFIER = "com.Melody-Yang.Wear";
				PRODUCT_NAME = "$(TARGET_NAME)";
				SWIFT_VERSION = 3.0;
			};
			name = Release;
		};
/* End XCBuildConfiguration section */

/* Begin XCConfigurationList section */
		6CB17BFA1F02D7C40093791F /* Build configuration list for PBXProject "Wear" */ = {
			isa = XCConfigurationList;
			buildConfigurations = (
				6CB17C0F1F02D7C40093791F /* Debug */,
				6CB17C101F02D7C40093791F /* Release */,
			);
			defaultConfigurationIsVisible = 0;
			defaultConfigurationName = Release;
		};
		6CB17C111F02D7C40093791F /* Build configuration list for PBXNativeTarget "Wear" */ = {
			isa = XCConfigurationList;
			buildConfigurations = (
				6CB17C121F02D7C40093791F /* Debug */,
				6CB17C131F02D7C40093791F /* Release */,
			);
			defaultConfigurationIsVisible = 0;
		};
/* End XCConfigurationList section */
	};
	rootObject = 6CB17BF71F02D7C40093791F /* Project object */;
}
